
Microsoft Visual Studio Solution File, Format Version 12.00
# Visual Studio Version 16
VisualStudioVersion = 16.0.29709.97
MinimumVisualStudioVersion = 10.0.40219.1
Project("{FAE04EC0-301F-11D3-BF4B-00C04F79EFBC}") = "CreateStruct", "CreateStruct.csproj", "{C8EC505C-2644-4F46-8090-EE6AA50C8BAB}"
EndProject
Global
	GlobalSection(SolutionConfigurationPlatforms) = preSolution
		Debug|Any CPU = Debug|Any CPU
		Release|Any CPU = Release|Any CPU
	EndGlobalSection
	GlobalSection(ProjectConfigurationPlatforms) = postSolution
		{C8EC505C-2644-4F46-8090-EE6AA50C8BAB}.Debug|Any CPU.ActiveCfg = Debug|Any CPU
		{C8EC505C-2644-4F46-8090-EE6AA50C8BAB}.Debug|Any CPU.Build.0 = Debug|Any CPU
		{C8EC505C-2644-4F46-8090-EE6AA50C8BAB}.Release|Any CPU.ActiveCfg = Release|Any CPU
		{C8EC505C-2644-4F46-8090-EE6AA50C8BAB}.Release|Any CPU.Build.0 = Release|Any CPU
	EndGlobalSection
	GlobalSection(SolutionProperties) = preSolution
		HideSolutionNode = FALSE
	EndGlobalSection
	GlobalSection(ExtensibilityGlobals) = postSolution
		SolutionGuid = {430F4727-7C28-49CD-B253-F5A7F0BDFB2C}
	EndGlobalSection
EndGlobal
